
Microsoft Visual Studio Solution File, Format Version 12.00
# Visual Studio Version 16
VisualStudioVersion = 16.0.31702.278
MinimumVisualStudioVersion = 10.0.40219.1
Project("{FAE04EC0-301F-11D3-BF4B-00C04F79EFBC}") = "TheLotteryProject", "TheLotteryProject\TheLotteryProject.csproj", "{91FFC351-BFF4-4970-8F9F-FF56EFFFB01B}"
EndProject
Global
	GlobalSection(SolutionConfigurationPlatforms) = preSolution
		Debug|Any CPU = Debug|Any CPU
		Release|Any CPU = Release|Any CPU
	EndGlobalSection
	GlobalSection(ProjectConfigurationPlatforms) = postSolution
		{91FFC351-BFF4-4970-8F9F-FF56EFFFB01B}.Debug|Any CPU.ActiveCfg = Debug|Any CPU
		{91FFC351-BFF4-4970-8F9F-FF56EFFFB01B}.Debug|Any CPU.Build.0 = Debug|Any CPU
		{91FFC351-BFF4-4970-8F9F-FF56EFFFB01B}.Release|Any CPU.ActiveCfg = Release|Any CPU
		{91FFC351-BFF4-4970-8F9F-FF56EFFFB01B}.Release|Any CPU.Build.0 = Release|Any CPU
	EndGlobalSection
	GlobalSection(SolutionProperties) = preSolution
		HideSolutionNode = FALSE
	EndGlobalSection
	GlobalSection(ExtensibilityGlobals) = postSolution
		SolutionGuid = {3C398F90-CC19-4D66-AFB8-76112994C4D7}
	EndGlobalSection
EndGlobal
